
Microsoft Visual Studio Solution File, Format Version 12.00
# Visual Studio Version 17
VisualStudioVersion = 17.8.34511.84
MinimumVisualStudioVersion = 10.0.40219.1
Project("{FAE04EC0-301F-11D3-BF4B-00C04F79EFBC}") = "Assignment 4", "Assignment 4\Assignment 4.csproj", "{B90B432D-C838-4155-A633-ABEBBCEF7EA6}"
EndProject
Global
	GlobalSection(SolutionConfigurationPlatforms) = preSolution
		Debug|Any CPU = Debug|Any CPU
		Release|Any CPU = Release|Any CPU
	EndGlobalSection
	GlobalSection(ProjectConfigurationPlatforms) = postSolution
		{B90B432D-C838-4155-A633-ABEBBCEF7EA6}.Debug|Any CPU.ActiveCfg = Debug|Any CPU
		{B90B432D-C838-4155-A633-ABEBBCEF7EA6}.Debug|Any CPU.Build.0 = Debug|Any CPU
		{B90B432D-C838-4155-A633-ABEBBCEF7EA6}.Release|Any CPU.ActiveCfg = Release|Any CPU
		{B90B432D-C838-4155-A633-ABEBBCEF7EA6}.Release|Any CPU.Build.0 = Release|Any CPU
	EndGlobalSection
	GlobalSection(SolutionProperties) = preSolution
		HideSolutionNode = FALSE
	EndGlobalSection
	GlobalSection(ExtensibilityGlobals) = postSolution
		SolutionGuid = {80D6844A-C5CF-4FDC-A713-9C1C9969D04A}
	EndGlobalSection
EndGlobal
